{
  "requires": true,
  "lockfileVersion": 1,
  "dependencies": {
    "angular-gtag": {
      "version": "1.0.4",
      "resolved": "https://registry.npmjs.org/angular-gtag/-/angular-gtag-1.0.4.tgz",
      "integrity": "sha512-46A2B18yhjcdueXAWioLaHskX1jEINQL6esxtQe0VannCYuXqShf+LsnDlMCt45HQp6RdXQPEHaNL4cwBLJLuA==",
      "requires": {
        "tslib": "^1.7.1"
      }
    },
    "tslib": {
      "version": "1.14.1",
      "resolved": "https://registry.npmjs.org/tslib/-/tslib-1.14.1.tgz",
      "integrity": "sha512-Xni35NKzjgMrwevysHTCArtLDpPvye8zV/0E4EyYn43P7/7qvQwPh9BGkHewbMulVntbigmcT7rdX3BNo9wRJg=="
    }
  }
}
