
Microsoft Visual Studio Solution File, Format Version 12.00
# Visual Studio Version 16
VisualStudioVersion = 16.0.30804.86
MinimumVisualStudioVersion = 10.0.40219.1
Project("{FAE04EC0-301F-11D3-BF4B-00C04F79EFBC}") = "wikinomics-mail", "wikinomics-mail\wikinomics-mail.csproj", "{A3FDFA4C-73F6-4992-B95F-C92DCB355C8B}"
EndProject
Global
	GlobalSection(SolutionConfigurationPlatforms) = preSolution
		Debug|Any CPU = Debug|Any CPU
		Release|Any CPU = Release|Any CPU
	EndGlobalSection
	GlobalSection(ProjectConfigurationPlatforms) = postSolution
		{A3FDFA4C-73F6-4992-B95F-C92DCB355C8B}.Debug|Any CPU.ActiveCfg = Debug|Any CPU
		{A3FDFA4C-73F6-4992-B95F-C92DCB355C8B}.Debug|Any CPU.Build.0 = Debug|Any CPU
		{A3FDFA4C-73F6-4992-B95F-C92DCB355C8B}.Release|Any CPU.ActiveCfg = Release|Any CPU
		{A3FDFA4C-73F6-4992-B95F-C92DCB355C8B}.Release|Any CPU.Build.0 = Release|Any CPU
	EndGlobalSection
	GlobalSection(SolutionProperties) = preSolution
		HideSolutionNode = FALSE
	EndGlobalSection
	GlobalSection(ExtensibilityGlobals) = postSolution
		SolutionGuid = {2775BC20-E8A2-4E29-9532-317E3C25E524}
	EndGlobalSection
EndGlobal
